// !$*UTF8*$!
{
	archiveVersion = 1;
	classes = {
	};
	objectVersion = 46;
	objects = {

/* Begin PBXBuildFile section */
		C115B1241C18AB82003F61B0 /* WordsInterfaceController.swift in Sources */ = {isa = PBXBuildFile; fileRef = C115B1231C18AB82003F61B0 /* WordsInterfaceController.swift */; };
		C115B1261C18B389003F61B0 /* Words.swift in Sources */ = {isa = PBXBuildFile; fileRef = C115B1251C18B389003F61B0 /* Words.swift */; };
		C115B1281C18B3C7003F61B0 /* Words.swift in Sources */ = {isa = PBXBuildFile; fileRef = C115B1251C18B389003F61B0 /* Words.swift */; };
		C12B89A51C168CC200FCC11F /* CatalogMenu.swift in Sources */ = {isa = PBXBuildFile; fileRef = C12B89A41C168CC200FCC11F /* CatalogMenu.swift */; };
		C17EB3821C1629F800F87645 /* Language.swift in Sources */ = {isa = PBXBuildFile; fileRef = C17EB3811C1629F800F87645 /* Language.swift */; };
		C17EB3851C162AA400F87645 /* LanguageMenu.swift in Sources */ = {isa = PBXBuildFile; fileRef = C17EB3841C162AA400F87645 /* LanguageMenu.swift */; };
		C17EB3871C162C1300F87645 /* Model.swift in Sources */ = {isa = PBXBuildFile; fileRef = C17EB3861C162C1300F87645 /* Model.swift */; };
		C17EB3891C16791F00F87645 /* Platform.swift in Sources */ = {isa = PBXBuildFile; fileRef = C17EB3881C16791F00F87645 /* Platform.swift */; };
		C17EB3911C1682A900F87645 /* Folder.swift in Sources */ = {isa = PBXBuildFile; fileRef = C17EB3901C1682A900F87645 /* Folder.swift */; };
		C17EB3931C16832500F87645 /* Catalog.swift in Sources */ = {isa = PBXBuildFile; fileRef = C17EB3921C16832500F87645 /* Catalog.swift */; };
		C17EB3951C16849F00F87645 /* Book.swift in Sources */ = {isa = PBXBuildFile; fileRef = C17EB3941C16849F00F87645 /* Book.swift */; };
		C1A298901C173A56007A9634 /* Contents.swift in Sources */ = {isa = PBXBuildFile; fileRef = C1A2988F1C173A56007A9634 /* Contents.swift */; };
		C1C967CB1C1627FC001539A9 /* AppDelegate.swift in Sources */ = {isa = PBXBuildFile; fileRef = C1C967CA1C1627FC001539A9 /* AppDelegate.swift */; };
		C1C967D01C1627FC001539A9 /* Main.storyboard in Resources */ = {isa = PBXBuildFile; fileRef = C1C967CE1C1627FC001539A9 /* Main.storyboard */; };
		C1C967D21C1627FC001539A9 /* Assets.xcassets in Resources */ = {isa = PBXBuildFile; fileRef = C1C967D11C1627FC001539A9 /* Assets.xcassets */; };
		C1C967D51C1627FC001539A9 /* LaunchScreen.storyboard in Resources */ = {isa = PBXBuildFile; fileRef = C1C967D31C1627FC001539A9 /* LaunchScreen.storyboard */; };
		C1D5539E1C1765B500EB5AE4 /* Interface.storyboard in Resources */ = {isa = PBXBuildFile; fileRef = C1D5539C1C1765B500EB5AE4 /* Interface.storyboard */; };
		C1D553A01C1765B500EB5AE4 /* Assets.xcassets in Resources */ = {isa = PBXBuildFile; fileRef = C1D5539F1C1765B500EB5AE4 /* Assets.xcassets */; };
		C1D553A71C1765B500EB5AE4 /* GLSearchFast Extension.appex in Embed App Extensions */ = {isa = PBXBuildFile; fileRef = C1D553A61C1765B500EB5AE4 /* GLSearchFast Extension.appex */; settings = {ATTRIBUTES = (RemoveHeadersOnCopy, ); }; };
		C1D553AE1C1765B500EB5AE4 /* ExtensionDelegate.swift in Sources */ = {isa = PBXBuildFile; fileRef = C1D553AD1C1765B500EB5AE4 /* ExtensionDelegate.swift */; };
		C1D553B01C1765B500EB5AE4 /* Assets.xcassets in Resources */ = {isa = PBXBuildFile; fileRef = C1D553AF1C1765B500EB5AE4 /* Assets.xcassets */; };
		C1D553B41C1765B500EB5AE4 /* GLSearchFast.app in Embed Watch Content */ = {isa = PBXBuildFile; fileRef = C1D5539A1C1765B500EB5AE4 /* GLSearchFast.app */; };
/* End PBXBuildFile section */

/* Begin PBXContainerItemProxy section */
		C1D553A81C1765B500EB5AE4 /* PBXContainerItemProxy */ = {
			isa = PBXContainerItemProxy;
			containerPortal = C1C967BF1C1627FC001539A9 /* Project object */;
			proxyType = 1;
			remoteGlobalIDString = C1D553A51C1765B500EB5AE4;
			remoteInfo = "GLSearchFast Extension";
		};
		C1D553B21C1765B500EB5AE4 /* PBXContainerItemProxy */ = {
			isa = PBXContainerItemProxy;
			containerPortal = C1C967BF1C1627FC001539A9 /* Project object */;
			proxyType = 1;
			remoteGlobalIDString = C1D553991C1765B500EB5AE4;
			remoteInfo = GLSearchFast;
		};
/* End PBXContainerItemProxy section */

/* Begin PBXCopyFilesBuildPhase section */
		C1D553BA1C1765B500EB5AE4 /* Embed App Extensions */ = {
			isa = PBXCopyFilesBuildPhase;
			buildActionMask = 2147483647;
			dstPath = "";
			dstSubfolderSpec = 13;
			files = (
				C1D553A71C1765B500EB5AE4 /* GLSearchFast Extension.appex in Embed App Extensions */,
			);
			name = "Embed App Extensions";
			runOnlyForDeploymentPostprocessing = 0;
		};
		C1D553BC1C1765B500EB5AE4 /* Embed Watch Content */ = {
			isa = PBXCopyFilesBuildPhase;
			buildActionMask = 2147483647;
			dstPath = "$(CONTENTS_FOLDER_PATH)/Watch";
			dstSubfolderSpec = 16;
			files = (
				C1D553B41C1765B500EB5AE4 /* GLSearchFast.app in Embed Watch Content */,
			);
			name = "Embed Watch Content";
			runOnlyForDeploymentPostprocessing = 0;
		};
/* End PBXCopyFilesBuildPhase section */

/* Begin PBXFileReference section */
		C115B1231C18AB82003F61B0 /* WordsInterfaceController.swift */ = {isa = PBXFileReference; fileEncoding = 4; lastKnownFileType = sourcecode.swift; path = WordsInterfaceController.swift; sourceTree = "<group>"; };
		C115B1251C18B389003F61B0 /* Words.swift */ = {isa = PBXFileReference; fileEncoding = 4; lastKnownFileType = sourcecode.swift; path = Words.swift; sourceTree = "<group>"; };
		C12B89A41C168CC200FCC11F /* CatalogMenu.swift */ = {isa = PBXFileReference; fileEncoding = 4; lastKnownFileType = sourcecode.swift; path = CatalogMenu.swift; sourceTree = "<group>"; };
		C17EB3811C1629F800F87645 /* Language.swift */ = {isa = PBXFileReference; fileEncoding = 4; lastKnownFileType = sourcecode.swift; path = Language.swift; sourceTree = "<group>"; };
		C17EB3841C162AA400F87645 /* LanguageMenu.swift */ = {isa = PBXFileReference; fileEncoding = 4; lastKnownFileType = sourcecode.swift; path = LanguageMenu.swift; sourceTree = "<group>"; };
		C17EB3861C162C1300F87645 /* Model.swift */ = {isa = PBXFileReference; fileEncoding = 4; lastKnownFileType = sourcecode.swift; path = Model.swift; sourceTree = "<group>"; };
		C17EB3881C16791F00F87645 /* Platform.swift */ = {isa = PBXFileReference; fileEncoding = 4; lastKnownFileType = sourcecode.swift; path = Platform.swift; sourceTree = "<group>"; };
		C17EB3901C1682A900F87645 /* Folder.swift */ = {isa = PBXFileReference; fileEncoding = 4; lastKnownFileType = sourcecode.swift; path = Folder.swift; sourceTree = "<group>"; };
		C17EB3921C16832500F87645 /* Catalog.swift */ = {isa = PBXFileReference; fileEncoding = 4; lastKnownFileType = sourcecode.swift; path = Catalog.swift; sourceTree = "<group>"; };
		C17EB3941C16849F00F87645 /* Book.swift */ = {isa = PBXFileReference; fileEncoding = 4; lastKnownFileType = sourcecode.swift; path = Book.swift; sourceTree = "<group>"; };
		C1A2988F1C173A56007A9634 /* Contents.swift */ = {isa = PBXFileReference; fileEncoding = 4; lastKnownFileType = sourcecode.swift; path = Contents.swift; sourceTree = "<group>"; };
		C1C967C71C1627FC001539A9 /* GLSearch.app */ = {isa = PBXFileReference; explicitFileType = wrapper.application; includeInIndex = 0; path = GLSearch.app; sourceTree = BUILT_PRODUCTS_DIR; };
		C1C967CA1C1627FC001539A9 /* AppDelegate.swift */ = {isa = PBXFileReference; lastKnownFileType = sourcecode.swift; path = AppDelegate.swift; sourceTree = "<group>"; };
		C1C967CF1C1627FC001539A9 /* Base */ = {isa = PBXFileReference; lastKnownFileType = file.storyboard; name = Base; path = Base.lproj/Main.storyboard; sourceTree = "<group>"; };
		C1C967D11C1627FC001539A9 /* Assets.xcassets */ = {isa = PBXFileReference; lastKnownFileType = folder.assetcatalog; path = Assets.xcassets; sourceTree = "<group>"; };
		C1C967D41C1627FC001539A9 /* Base */ = {isa = PBXFileReference; lastKnownFileType = file.storyboard; name = Base; path = Base.lproj/LaunchScreen.storyboard; sourceTree = "<group>"; };
		C1C967D61C1627FC001539A9 /* Info.plist */ = {isa = PBXFileReference; lastKnownFileType = text.plist.xml; path = Info.plist; sourceTree = "<group>"; };
		C1D5539A1C1765B500EB5AE4 /* GLSearchFast.app */ = {isa = PBXFileReference; explicitFileType = wrapper.application; includeInIndex = 0; path = GLSearchFast.app; sourceTree = BUILT_PRODUCTS_DIR; };
		C1D5539D1C1765B500EB5AE4 /* Base */ = {isa = PBXFileReference; lastKnownFileType = file.storyboard; name = Base; path = Base.lproj/Interface.storyboard; sourceTree = "<group>"; };
		C1D5539F1C1765B500EB5AE4 /* Assets.xcassets */ = {isa = PBXFileReference; lastKnownFileType = folder.assetcatalog; path = Assets.xcassets; sourceTree = "<group>"; };
		C1D553A11C1765B500EB5AE4 /* Info.plist */ = {isa = PBXFileReference; lastKnownFileType = text.plist.xml; path = Info.plist; sourceTree = "<group>"; };
		C1D553A61C1765B500EB5AE4 /* GLSearchFast Extension.appex */ = {isa = PBXFileReference; explicitFileType = "wrapper.app-extension"; includeInIndex = 0; path = "GLSearchFast Extension.appex"; sourceTree = BUILT_PRODUCTS_DIR; };
		C1D553AD1C1765B500EB5AE4 /* ExtensionDelegate.swift */ = {isa = PBXFileReference; lastKnownFileType = sourcecode.swift; path = ExtensionDelegate.swift; sourceTree = "<group>"; };
		C1D553AF1C1765B500EB5AE4 /* Assets.xcassets */ = {isa = PBXFileReference; lastKnownFileType = folder.assetcatalog; path = Assets.xcassets; sourceTree = "<group>"; };
		C1D553B11C1765B500EB5AE4 /* Info.plist */ = {isa = PBXFileReference; lastKnownFileType = text.plist.xml; path = Info.plist; sourceTree = "<group>"; };
/* End PBXFileReference section */

/* Begin PBXFrameworksBuildPhase section */
		C1C967C41C1627FC001539A9 /* Frameworks */ = {
			isa = PBXFrameworksBuildPhase;
			buildActionMask = 2147483647;
			files = (
			);
			runOnlyForDeploymentPostprocessing = 0;
		};
		C1D553A31C1765B500EB5AE4 /* Frameworks */ = {
			isa = PBXFrameworksBuildPhase;
			buildActionMask = 2147483647;
			files = (
			);
			runOnlyForDeploymentPostprocessing = 0;
		};
/* End PBXFrameworksBuildPhase section */

/* Begin PBXGroup section */
		C115B1271C18B390003F61B0 /* Shared */ = {
			isa = PBXGroup;
			children = (
				C115B1251C18B389003F61B0 /* Words.swift */,
			);
			name = Shared;
			sourceTree = "<group>";
		};
		C17EB37E1C16292B00F87645 /* Supporting Files */ = {
			isa = PBXGroup;
			children = (
				C1C967D31C1627FC001539A9 /* LaunchScreen.storyboard */,
				C1C967D11C1627FC001539A9 /* Assets.xcassets */,
				C1C967D61C1627FC001539A9 /* Info.plist */,
			);
			name = "Supporting Files";
			sourceTree = "<group>";
		};
		C17EB3831C162A0900F87645 /* Records */ = {
			isa = PBXGroup;
			children = (
				C17EB3811C1629F800F87645 /* Language.swift */,
				C17EB3881C16791F00F87645 /* Platform.swift */,
				C17EB3901C1682A900F87645 /* Folder.swift */,
				C17EB3921C16832500F87645 /* Catalog.swift */,
				C17EB3941C16849F00F87645 /* Book.swift */,
			);
			name = Records;
			sourceTree = "<group>";
		};
		C1C967BE1C1627FC001539A9 = {
			isa = PBXGroup;
			children = (
				C115B1271C18B390003F61B0 /* Shared */,
				C1C967C91C1627FC001539A9 /* GLSearch */,
				C1D5539B1C1765B500EB5AE4 /* GLSearchFast */,
				C1D553AA1C1765B500EB5AE4 /* GLSearchFast Extension */,
				C1C967C81C1627FC001539A9 /* Products */,
			);
			sourceTree = "<group>";
		};
		C1C967C81C1627FC001539A9 /* Products */ = {
			isa = PBXGroup;
			children = (
				C1C967C71C1627FC001539A9 /* GLSearch.app */,
				C1D5539A1C1765B500EB5AE4 /* GLSearchFast.app */,
				C1D553A61C1765B500EB5AE4 /* GLSearchFast Extension.appex */,
			);
			name = Products;
			sourceTree = "<group>";
		};
		C1C967C91C1627FC001539A9 /* GLSearch */ = {
			isa = PBXGroup;
			children = (
				C1C967CA1C1627FC001539A9 /* AppDelegate.swift */,
				C17EB3841C162AA400F87645 /* LanguageMenu.swift */,
				C12B89A41C168CC200FCC11F /* CatalogMenu.swift */,
				C1A2988F1C173A56007A9634 /* Contents.swift */,
				C1C967CE1C1627FC001539A9 /* Main.storyboard */,
				C17EB3861C162C1300F87645 /* Model.swift */,
				C17EB3831C162A0900F87645 /* Records */,
				C17EB37E1C16292B00F87645 /* Supporting Files */,
			);
			path = GLSearch;
			sourceTree = "<group>";
		};
		C1D5539B1C1765B500EB5AE4 /* GLSearchFast */ = {
			isa = PBXGroup;
			children = (
				C1D5539C1C1765B500EB5AE4 /* Interface.storyboard */,
				C1D5539F1C1765B500EB5AE4 /* Assets.xcassets */,
				C1D553A11C1765B500EB5AE4 /* Info.plist */,
			);
			path = GLSearchFast;
			sourceTree = "<group>";
		};
		C1D553AA1C1765B500EB5AE4 /* GLSearchFast Extension */ = {
			isa = PBXGroup;
			children = (
				C1D553AD1C1765B500EB5AE4 /* ExtensionDelegate.swift */,
				C115B1231C18AB82003F61B0 /* WordsInterfaceController.swift */,
				C1D553AF1C1765B500EB5AE4 /* Assets.xcassets */,
				C1D553B11C1765B500EB5AE4 /* Info.plist */,
			);
			path = "GLSearchFast Extension";
			sourceTree = "<group>";
		};
/* End PBXGroup section */

/* Begin PBXNativeTarget section */
		C1C967C61C1627FC001539A9 /* GLSearch */ = {
			isa = PBXNativeTarget;
			buildConfigurationList = C1C967D91C1627FC001539A9 /* Build configuration list for PBXNativeTarget "GLSearch" */;
			buildPhases = (
				C1C967C31C1627FC001539A9 /* Sources */,
				C1C967C41C1627FC001539A9 /* Frameworks */,
				C1C967C51C1627FC001539A9 /* Resources */,
				C1D553BC1C1765B500EB5AE4 /* Embed Watch Content */,
			);
			buildRules = (
			);
			dependencies = (
				C1D553B31C1765B500EB5AE4 /* PBXTargetDependency */,
			);
			name = GLSearch;
			productName = GLSearch;
			productReference = C1C967C71C1627FC001539A9 /* GLSearch.app */;
			productType = "com.apple.product-type.application";
		};
		C1D553991C1765B500EB5AE4 /* GLSearchFast */ = {
			isa = PBXNativeTarget;
			buildConfigurationList = C1D553BB1C1765B500EB5AE4 /* Build configuration list for PBXNativeTarget "GLSearchFast" */;
			buildPhases = (
				C1D553981C1765B500EB5AE4 /* Resources */,
				C1D553BA1C1765B500EB5AE4 /* Embed App Extensions */,
			);
			buildRules = (
			);
			dependencies = (
				C1D553A91C1765B500EB5AE4 /* PBXTargetDependency */,
			);
			name = GLSearchFast;
			productName = GLSearchFast;
			productReference = C1D5539A1C1765B500EB5AE4 /* GLSearchFast.app */;
			productType = "com.apple.product-type.application.watchapp2";
		};
		C1D553A51C1765B500EB5AE4 /* GLSearchFast Extension */ = {
			isa = PBXNativeTarget;
			buildConfigurationList = C1D553B91C1765B500EB5AE4 /* Build configuration list for PBXNativeTarget "GLSearchFast Extension" */;
			buildPhases = (
				C1D553A21C1765B500EB5AE4 /* Sources */,
				C1D553A31C1765B500EB5AE4 /* Frameworks */,
				C1D553A41C1765B500EB5AE4 /* Resources */,
			);
			buildRules = (
			);
			dependencies = (
			);
			name = "GLSearchFast Extension";
			productName = "GLSearchFast Extension";
			productReference = C1D553A61C1765B500EB5AE4 /* GLSearchFast Extension.appex */;
			productType = "com.apple.product-type.watchkit2-extension";
		};
/* End PBXNativeTarget section */

/* Begin PBXProject section */
		C1C967BF1C1627FC001539A9 /* Project object */ = {
			isa = PBXProject;
			attributes = {
				LastSwiftUpdateCheck = 0710;
				LastUpgradeCheck = 0710;
				ORGANIZATIONNAME = "Storke Brothers LLC";
				TargetAttributes = {
					C1C967C61C1627FC001539A9 = {
						CreatedOnToolsVersion = 7.1.1;
						DevelopmentTeam = GA4L9A4FGA;
					};
					C1D553991C1765B500EB5AE4 = {
						CreatedOnToolsVersion = 7.1.1;
					};
					C1D553A51C1765B500EB5AE4 = {
						CreatedOnToolsVersion = 7.1.1;
					};
				};
			};
			buildConfigurationList = C1C967C21C1627FC001539A9 /* Build configuration list for PBXProject "GLSearch" */;
			compatibilityVersion = "Xcode 3.2";
			developmentRegion = English;
			hasScannedForEncodings = 0;
			knownRegions = (
				en,
				Base,
			);
			mainGroup = C1C967BE1C1627FC001539A9;
			productRefGroup = C1C967C81C1627FC001539A9 /* Products */;
			projectDirPath = "";
			projectRoot = "";
			targets = (
				C1C967C61C1627FC001539A9 /* GLSearch */,
				C1D553991C1765B500EB5AE4 /* GLSearchFast */,
				C1D553A51C1765B500EB5AE4 /* GLSearchFast Extension */,
			);
		};
/* End PBXProject section */

/* Begin PBXResourcesBuildPhase section */
		C1C967C51C1627FC001539A9 /* Resources */ = {
			isa = PBXResourcesBuildPhase;
			buildActionMask = 2147483647;
			files = (
				C1C967D51C1627FC001539A9 /* LaunchScreen.storyboard in Resources */,
				C1C967D21C1627FC001539A9 /* Assets.xcassets in Resources */,
				C1C967D01C1627FC001539A9 /* Main.storyboard in Resources */,
			);
			runOnlyForDeploymentPostprocessing = 0;
		};
		C1D553981C1765B500EB5AE4 /* Resources */ = {
			isa = PBXResourcesBuildPhase;
			buildActionMask = 2147483647;
			files = (
				C1D553A01C1765B500EB5AE4 /* Assets.xcassets in Resources */,
				C1D5539E1C1765B500EB5AE4 /* Interface.storyboard in Resources */,
			);
			runOnlyForDeploymentPostprocessing = 0;
		};
		C1D553A41C1765B500EB5AE4 /* Resources */ = {
			isa = PBXResourcesBuildPhase;
			buildActionMask = 2147483647;
			files = (
				C1D553B01C1765B500EB5AE4 /* Assets.xcassets in Resources */,
			);
			runOnlyForDeploymentPostprocessing = 0;
		};
/* End PBXResourcesBuildPhase section */

/* Begin PBXSourcesBuildPhase section */
		C1C967C31C1627FC001539A9 /* Sources */ = {
			isa = PBXSourcesBuildPhase;
			buildActionMask = 2147483647;
			files = (
				C12B89A51C168CC200FCC11F /* CatalogMenu.swift in Sources */,
				C1A298901C173A56007A9634 /* Contents.swift in Sources */,
				C17EB3891C16791F00F87645 /* Platform.swift in Sources */,
				C17EB3821C1629F800F87645 /* Language.swift in Sources */,
				C17EB3851C162AA400F87645 /* LanguageMenu.swift in Sources */,
				C17EB3931C16832500F87645 /* Catalog.swift in Sources */,
				C1C967CB1C1627FC001539A9 /* AppDelegate.swift in Sources */,
				C115B1281C18B3C7003F61B0 /* Words.swift in Sources */,
				C17EB3951C16849F00F87645 /* Book.swift in Sources */,
				C17EB3871C162C1300F87645 /* Model.swift in Sources */,
				C17EB3911C1682A900F87645 /* Folder.swift in Sources */,
			);
			runOnlyForDeploymentPostprocessing = 0;
		};
		C1D553A21C1765B500EB5AE4 /* Sources */ = {
			isa = PBXSourcesBuildPhase;
			buildActionMask = 2147483647;
			files = (
				C115B1261C18B389003F61B0 /* Words.swift in Sources */,
				C1D553AE1C1765B500EB5AE4 /* ExtensionDelegate.swift in Sources */,
				C115B1241C18AB82003F61B0 /* WordsInterfaceController.swift in Sources */,
			);
			runOnlyForDeploymentPostprocessing = 0;
		};
/* End PBXSourcesBuildPhase section */

/* Begin PBXTargetDependency section */
		C1D553A91C1765B500EB5AE4 /* PBXTargetDependency */ = {
			isa = PBXTargetDependency;
			target = C1D553A51C1765B500EB5AE4 /* GLSearchFast Extension */;
			targetProxy = C1D553A81C1765B500EB5AE4 /* PBXContainerItemProxy */;
		};
		C1D553B31C1765B500EB5AE4 /* PBXTargetDependency */ = {
			isa = PBXTargetDependency;
			target = C1D553991C1765B500EB5AE4 /* GLSearchFast */;
			targetProxy = C1D553B21C1765B500EB5AE4 /* PBXContainerItemProxy */;
		};
/* End PBXTargetDependency section */

/* Begin PBXVariantGroup section */
		C1C967CE1C1627FC001539A9 /* Main.storyboard */ = {
			isa = PBXVariantGroup;
			children = (
				C1C967CF1C1627FC001539A9 /* Base */,
			);
			name = Main.storyboard;
			sourceTree = "<group>";
		};
		C1C967D31C1627FC001539A9 /* LaunchScreen.storyboard */ = {
			isa = PBXVariantGroup;
			children = (
				C1C967D41C1627FC001539A9 /* Base */,
			);
			name = LaunchScreen.storyboard;
			sourceTree = "<group>";
		};
		C1D5539C1C1765B500EB5AE4 /* Interface.storyboard */ = {
			isa = PBXVariantGroup;
			children = (
				C1D5539D1C1765B500EB5AE4 /* Base */,
			);
			name = Interface.storyboard;
			sourceTree = "<group>";
		};
/* End PBXVariantGroup section */

/* Begin XCBuildConfiguration section */
		C1C967D71C1627FC001539A9 /* Debug */ = {
			isa = XCBuildConfiguration;
			buildSettings = {
				ALWAYS_SEARCH_USER_PATHS = NO;
				CLANG_CXX_LANGUAGE_STANDARD = "gnu++0x";
				CLANG_CXX_LIBRARY = "libc++";
				CLANG_ENABLE_MODULES = YES;
				CLANG_ENABLE_OBJC_ARC = YES;
				CLANG_WARN_BOOL_CONVERSION = YES;
				CLANG_WARN_CONSTANT_CONVERSION = YES;
				CLANG_WARN_DIRECT_OBJC_ISA_USAGE = YES_ERROR;
				CLANG_WARN_EMPTY_BODY = YES;
				CLANG_WARN_ENUM_CONVERSION = YES;
				CLANG_WARN_INT_CONVERSION = YES;
				CLANG_WARN_OBJC_ROOT_CLASS = YES_ERROR;
				CLANG_WARN_UNREACHABLE_CODE = YES;
				CLANG_WARN__DUPLICATE_METHOD_MATCH = YES;
				"CODE_SIGN_IDENTITY[sdk=iphoneos*]" = "iPhone Developer";
				COPY_PHASE_STRIP = NO;
				DEBUG_INFORMATION_FORMAT = dwarf;
				ENABLE_STRICT_OBJC_MSGSEND = YES;
				ENABLE_TESTABILITY = YES;
				GCC_C_LANGUAGE_STANDARD = gnu99;
				GCC_DYNAMIC_NO_PIC = NO;
				GCC_NO_COMMON_BLOCKS = YES;
				GCC_OPTIMIZATION_LEVEL = 0;
				GCC_PREPROCESSOR_DEFINITIONS = (
					"DEBUG=1",
					"$(inherited)",
				);
				GCC_WARN_64_TO_32_BIT_CONVERSION = YES;
				GCC_WARN_ABOUT_RETURN_TYPE = YES_ERROR;
				GCC_WARN_UNDECLARED_SELECTOR = YES;
				GCC_WARN_UNINITIALIZED_AUTOS = YES_AGGRESSIVE;
				GCC_WARN_UNUSED_FUNCTION = YES;
				GCC_WARN_UNUSED_VARIABLE = YES;
				IPHONEOS_DEPLOYMENT_TARGET = 9.1;
				MTL_ENABLE_DEBUG_INFO = YES;
				ONLY_ACTIVE_ARCH = YES;
				SDKROOT = iphoneos;
				SWIFT_OPTIMIZATION_LEVEL = "-Onone";
				TARGETED_DEVICE_FAMILY = "1,2";
			};
			name = Debug;
		};
		C1C967D81C1627FC001539A9 /* Release */ = {
			isa = XCBuildConfiguration;
			buildSettings = {
				ALWAYS_SEARCH_USER_PATHS = NO;
				CLANG_CXX_LANGUAGE_STANDARD = "gnu++0x";
				CLANG_CXX_LIBRARY = "libc++";
				CLANG_ENABLE_MODULES = YES;
				CLANG_ENABLE_OBJC_ARC = YES;
				CLANG_WARN_BOOL_CONVERSION = YES;
				CLANG_WARN_CONSTANT_CONVERSION = YES;
				CLANG_WARN_DIRECT_OBJC_ISA_USAGE = YES_ERROR;
				CLANG_WARN_EMPTY_BODY = YES;
				CLANG_WARN_ENUM_CONVERSION = YES;
				CLANG_WARN_INT_CONVERSION = YES;
				CLANG_WARN_OBJC_ROOT_CLASS = YES_ERROR;
				CLANG_WARN_UNREACHABLE_CODE = YES;
				CLANG_WARN__DUPLICATE_METHOD_MATCH = YES;
				"CODE_SIGN_IDENTITY[sdk=iphoneos*]" = "iPhone Developer";
				COPY_PHASE_STRIP = NO;
				DEBUG_INFORMATION_FORMAT = "dwarf-with-dsym";
				ENABLE_NS_ASSERTIONS = NO;
				ENABLE_STRICT_OBJC_MSGSEND = YES;
				GCC_C_LANGUAGE_STANDARD = gnu99;
				GCC_NO_COMMON_BLOCKS = YES;
				GCC_WARN_64_TO_32_BIT_CONVERSION = YES;
				GCC_WARN_ABOUT_RETURN_TYPE = YES_ERROR;
				GCC_WARN_UNDECLARED_SELECTOR = YES;
				GCC_WARN_UNINITIALIZED_AUTOS = YES_AGGRESSIVE;
				GCC_WARN_UNUSED_FUNCTION = YES;
				GCC_WARN_UNUSED_VARIABLE = YES;
				IPHONEOS_DEPLOYMENT_TARGET = 9.1;
				MTL_ENABLE_DEBUG_INFO = NO;
				SDKROOT = iphoneos;
				TARGETED_DEVICE_FAMILY = "1,2";
				VALIDATE_PRODUCT = YES;
			};
			name = Release;
		};
		C1C967DA1C1627FC001539A9 /* Debug */ = {
			isa = XCBuildConfiguration;
			buildSettings = {
				ASSETCATALOG_COMPILER_APPICON_NAME = AppIcon;
				CODE_SIGN_IDENTITY = "iPhone Developer";
				INFOPLIST_FILE = GLSearch/Info.plist;
				LD_RUNPATH_SEARCH_PATHS = "$(inherited) @executable_path/Frameworks";
				PRODUCT_BUNDLE_IDENTIFIER = com.storkebrothers.GLSearch;
				PRODUCT_NAME = "$(TARGET_NAME)";
			};
			name = Debug;
		};
		C1C967DB1C1627FC001539A9 /* Release */ = {
			isa = XCBuildConfiguration;
			buildSettings = {
				ASSETCATALOG_COMPILER_APPICON_NAME = AppIcon;
				CODE_SIGN_IDENTITY = "iPhone Developer";
				INFOPLIST_FILE = GLSearch/Info.plist;
				LD_RUNPATH_SEARCH_PATHS = "$(inherited) @executable_path/Frameworks";
				PRODUCT_BUNDLE_IDENTIFIER = com.storkebrothers.GLSearch;
				PRODUCT_NAME = "$(TARGET_NAME)";
			};
			name = Release;
		};
		C1D553B51C1765B500EB5AE4 /* Debug */ = {
			isa = XCBuildConfiguration;
			buildSettings = {
				ASSETCATALOG_COMPILER_APPICON_NAME = AppIcon;
				EMBEDDED_CONTENT_CONTAINS_SWIFT = YES;
				IBSC_MODULE = GLSearchFast_Extension;
				INFOPLIST_FILE = GLSearchFast/Info.plist;
				PRODUCT_BUNDLE_IDENTIFIER = com.storkebrothers.GLSearch.watchkitapp;
				PRODUCT_NAME = "$(TARGET_NAME)";
				SDKROOT = watchos;
				SKIP_INSTALL = YES;
				TARGETED_DEVICE_FAMILY = 4;
				WATCHOS_DEPLOYMENT_TARGET = 2.0;
			};
			name = Debug;
		};
		C1D553B61C1765B500EB5AE4 /* Release */ = {
			isa = XCBuildConfiguration;
			buildSettings = {
				ASSETCATALOG_COMPILER_APPICON_NAME = AppIcon;
				EMBEDDED_CONTENT_CONTAINS_SWIFT = YES;
				IBSC_MODULE = GLSearchFast_Extension;
				INFOPLIST_FILE = GLSearchFast/Info.plist;
				PRODUCT_BUNDLE_IDENTIFIER = com.storkebrothers.GLSearch.watchkitapp;
				PRODUCT_NAME = "$(TARGET_NAME)";
				SDKROOT = watchos;
				SKIP_INSTALL = YES;
				TARGETED_DEVICE_FAMILY = 4;
				WATCHOS_DEPLOYMENT_TARGET = 2.0;
			};
			name = Release;
		};
		C1D553B71C1765B500EB5AE4 /* Debug */ = {
			isa = XCBuildConfiguration;
			buildSettings = {
				INFOPLIST_FILE = "GLSearchFast Extension/Info.plist";
				LD_RUNPATH_SEARCH_PATHS = "$(inherited) @executable_path/Frameworks @executable_path/../../Frameworks";
				PRODUCT_BUNDLE_IDENTIFIER = com.storkebrothers.GLSearch.watchkitapp.watchkitextension;
				PRODUCT_NAME = "${TARGET_NAME}";
				SDKROOT = watchos;
				SKIP_INSTALL = YES;
				TARGETED_DEVICE_FAMILY = 4;
				WATCHOS_DEPLOYMENT_TARGET = 2.0;
			};
			name = Debug;
		};
		C1D553B81C1765B500EB5AE4 /* Release */ = {
			isa = XCBuildConfiguration;
			buildSettings = {
				INFOPLIST_FILE = "GLSearchFast Extension/Info.plist";
				LD_RUNPATH_SEARCH_PATHS = "$(inherited) @executable_path/Frameworks @executable_path/../../Frameworks";
				PRODUCT_BUNDLE_IDENTIFIER = com.storkebrothers.GLSearch.watchkitapp.watchkitextension;
				PRODUCT_NAME = "${TARGET_NAME}";
				SDKROOT = watchos;
				SKIP_INSTALL = YES;
				TARGETED_DEVICE_FAMILY = 4;
				WATCHOS_DEPLOYMENT_TARGET = 2.0;
			};
			name = Release;
		};
/* End XCBuildConfiguration section */

/* Begin XCConfigurationList section */
		C1C967C21C1627FC001539A9 /* Build configuration list for PBXProject "GLSearch" */ = {
			isa = XCConfigurationList;
			buildConfigurations = (
				C1C967D71C1627FC001539A9 /* Debug */,
				C1C967D81C1627FC001539A9 /* Release */,
			);
			defaultConfigurationIsVisible = 0;
			defaultConfigurationName = Release;
		};
		C1C967D91C1627FC001539A9 /* Build configuration list for PBXNativeTarget "GLSearch" */ = {
			isa = XCConfigurationList;
			buildConfigurations = (
				C1C967DA1C1627FC001539A9 /* Debug */,
				C1C967DB1C1627FC001539A9 /* Release */,
			);
			defaultConfigurationIsVisible = 0;
			defaultConfigurationName = Release;
		};
		C1D553B91C1765B500EB5AE4 /* Build configuration list for PBXNativeTarget "GLSearchFast Extension" */ = {
			isa = XCConfigurationList;
			buildConfigurations = (
				C1D553B71C1765B500EB5AE4 /* Debug */,
				C1D553B81C1765B500EB5AE4 /* Release */,
			);
			defaultConfigurationIsVisible = 0;
			defaultConfigurationName = Release;
		};
		C1D553BB1C1765B500EB5AE4 /* Build configuration list for PBXNativeTarget "GLSearchFast" */ = {
			isa = XCConfigurationList;
			buildConfigurations = (
				C1D553B51C1765B500EB5AE4 /* Debug */,
				C1D553B61C1765B500EB5AE4 /* Release */,
			);
			defaultConfigurationIsVisible = 0;
			defaultConfigurationName = Release;
		};
/* End XCConfigurationList section */
	};
	rootObject = C1C967BF1C1627FC001539A9 /* Project object */;
}
